
Microsoft Visual Studio Solution File, Format Version 12.00
# Visual Studio 15
Project("{FAE04EC0-301F-11D3-BF4B-00C04F79EFBC}") = "Unity.Timeline", "Unity.Timeline.csproj", "{AA71CFAB-420E-E867-0666-4F0F82B56279}"
EndProject
Project("{FAE04EC0-301F-11D3-BF4B-00C04F79EFBC}") = "Assembly-CSharp", "Assembly-CSharp.csproj", "{32C3BDE6-E125-3128-82C1-25D0441455A3}"
EndProject
Project("{FAE04EC0-301F-11D3-BF4B-00C04F79EFBC}") = "Unity.ShaderGraph.Editor", "Unity.ShaderGraph.Editor.csproj", "{A23F0EE6-E50E-74AC-EC3F-BDAD78C7306B}"
EndProject
Project("{FAE04EC0-301F-11D3-BF4B-00C04F79EFBC}") = "Unity.VisualScripting.Flow", "Unity.VisualScripting.Flow.csproj", "{A6503458-BC1A-FC3E-DE9F-320CB2945529}"
EndProject
Project("{FAE04EC0-301F-11D3-BF4B-00C04F79EFBC}") = "UnityEditor.UI", "UnityEditor.UI.csproj", "{067C016A-9BDF-7DCE-2E59-C851BCB7CD88}"
EndProject
Project("{FAE04EC0-301F-11D3-BF4B-00C04F79EFBC}") = "Unity.Timeline.Editor", "Unity.Timeline.Editor.csproj", "{9DC54C43-50D1-95EB-BB01-5C3160E083A4}"
EndProject
Project("{FAE04EC0-301F-11D3-BF4B-00C04F79EFBC}") = "Unity.PlasticSCM.Editor", "Unity.PlasticSCM.Editor.csproj", "{D91B6A68-CC51-EEDF-EECD-A582294ED2E9}"
EndProject
Project("{FAE04EC0-301F-11D3-BF4B-00C04F79EFBC}") = "Unity.RenderPipelines.Core.Runtime", "Unity.RenderPipelines.Core.Runtime.csproj", "{F26FAA5B-A26E-6BF8-07B2-FF7D37E8C3C2}"
EndProject
Project("{FAE04EC0-301F-11D3-BF4B-00C04F79EFBC}") = "Unity.Mathematics", "Unity.Mathematics.csproj", "{F3E1D955-3AEC-9B08-AE6D-867DCA9DF752}"
EndProject
Project("{FAE04EC0-301F-11D3-BF4B-00C04F79EFBC}") = "Unity.RenderPipelines.Core.Editor", "Unity.RenderPipelines.Core.Editor.csproj", "{E1A39F0F-4A30-415D-6E5B-260A641C1597}"
EndProject
Project("{FAE04EC0-301F-11D3-BF4B-00C04F79EFBC}") = "Unity.2D.Common.Path.Editor", "Unity.2D.Common.Path.Editor.csproj", "{6339EF8B-5A9D-FBC7-8A98-AD1782291160}"
EndProject
Project("{FAE04EC0-301F-11D3-BF4B-00C04F79EFBC}") = "Unity.Sequences.Editor", "Unity.Sequences.Editor.csproj", "{C141DEC4-FAC5-5F00-EDDA-03EA9C7E32B8}"
EndProject
Project("{FAE04EC0-301F-11D3-BF4B-00C04F79EFBC}") = "Unity.VisualScripting.Core.Editor", "Unity.VisualScripting.Core.Editor.csproj", "{CFFA2412-CEE9-25F5-3A2B-B0C3D2F7DC7F}"
EndProject
Project("{FAE04EC0-301F-11D3-BF4B-00C04F79EFBC}") = "Unity.2D.IK.Runtime", "Unity.2D.IK.Runtime.csproj", "{7530BDAF-2C0E-03CA-DC69-6ABF484ED2B2}"
EndProject
Project("{FAE04EC0-301F-11D3-BF4B-00C04F79EFBC}") = "UnityEditor.TestRunner", "UnityEditor.TestRunner.csproj", "{A3047590-38BB-CCB1-C01D-C771027F8920}"
EndProject
Project("{FAE04EC0-301F-11D3-BF4B-00C04F79EFBC}") = "Unity.TextMeshPro.Editor", "Unity.TextMeshPro.Editor.csproj", "{AB010756-D918-EA42-906F-0FD15891EDA7}"
EndProject
Project("{FAE04EC0-301F-11D3-BF4B-00C04F79EFBC}") = "Unity.Recorder.Editor", "Unity.Recorder.Editor.csproj", "{D1490878-FF1E-0C4A-13CB-7D8AA36CE734}"
EndProject
Project("{FAE04EC0-301F-11D3-BF4B-00C04F79EFBC}") = "UnityEngine.TestRunner", "UnityEngine.TestRunner.csproj", "{01B1BFF9-F8EB-01DA-B770-0788E04F46BD}"
EndProject
Project("{FAE04EC0-301F-11D3-BF4B-00C04F79EFBC}") = "Unity.VisualScripting.Core", "Unity.VisualScripting.Core.csproj", "{F718E335-6AAA-C941-FFD7-657246BEB012}"
EndProject
Project("{FAE04EC0-301F-11D3-BF4B-00C04F79EFBC}") = "Unity.VisualScripting.Flow.Editor", "Unity.VisualScripting.Flow.Editor.csproj", "{DE63C7FA-80B8-DB7F-E94C-BA0E451813F2}"
EndProject
Project("{FAE04EC0-301F-11D3-BF4B-00C04F79EFBC}") = "Unity.Searcher.Editor", "Unity.Searcher.Editor.csproj", "{88BAF3DA-47EF-FDAB-CE1B-1C180F9A7FE2}"
EndProject
Project("{FAE04EC0-301F-11D3-BF4B-00C04F79EFBC}") = "Unity.Burst", "Unity.Burst.csproj", "{768BBF1D-EC13-B258-0C08-0F6608410401}"
EndProject
Project("{FAE04EC0-301F-11D3-BF4B-00C04F79EFBC}") = "Autodesk.Fbx", "Autodesk.Fbx.csproj", "{D863A395-0E89-9D32-C880-E60E717F20E8}"
EndProject
Project("{FAE04EC0-301F-11D3-BF4B-00C04F79EFBC}") = "Unity.Collections", "Unity.Collections.csproj", "{B7BC0C94-DE89-FA99-96BB-1EA80F988FA5}"
EndProject
Project("{FAE04EC0-301F-11D3-BF4B-00C04F79EFBC}") = "Cinemachine", "Cinemachine.csproj", "{9E44B14B-2459-0578-8F25-B879A3343454}"
EndProject
Project("{FAE04EC0-301F-11D3-BF4B-00C04F79EFBC}") = "Unity.2D.Animation.Editor", "Unity.2D.Animation.Editor.csproj", "{9E26B539-EAC4-B7BE-036E-84FC9060F1DF}"
EndProject
Project("{FAE04EC0-301F-11D3-BF4B-00C04F79EFBC}") = "Unity.VisualStudio.Editor", "Unity.VisualStudio.Editor.csproj", "{A5250F35-1318-2544-DD4C-5C2FC4147C97}"
EndProject
Project("{FAE04EC0-301F-11D3-BF4B-00C04F79EFBC}") = "Unity.TestTools.CodeCoverage.Editor.OpenCover.Model", "Unity.TestTools.CodeCoverage.Editor.OpenCover.Model.csproj", "{82AD70A2-8CFB-21C5-E084-5E716F4181A8}"
EndProject
Project("{FAE04EC0-301F-11D3-BF4B-00C04F79EFBC}") = "Unity.Rider.Editor", "Unity.Rider.Editor.csproj", "{9B168589-3356-01B5-B9F7-335C1615CD9E}"
EndProject
Project("{FAE04EC0-301F-11D3-BF4B-00C04F79EFBC}") = "Unity.InternalAPIEditorBridge.001", "Unity.InternalAPIEditorBridge.001.csproj", "{E76867A5-461E-B2D2-7868-D3C985CA37E3}"
EndProject
Project("{FAE04EC0-301F-11D3-BF4B-00C04F79EFBC}") = "Unity.VisualScripting.State.Editor", "Unity.VisualScripting.State.Editor.csproj", "{B8C7ABE1-DFF3-7E78-6DA7-9DF123FE4EC8}"
EndProject
Project("{FAE04EC0-301F-11D3-BF4B-00C04F79EFBC}") = "com.unity.cinemachine.editor", "com.unity.cinemachine.editor.csproj", "{2A42A239-2F66-AD04-0E50-84DCF0A40EC2}"
EndProject
Project("{FAE04EC0-301F-11D3-BF4B-00C04F79EFBC}") = "UnityEngine.UI", "UnityEngine.UI.csproj", "{03AC2CA7-AF01-FE34-84B6-7CE92CF47147}"
EndProject
Project("{FAE04EC0-301F-11D3-BF4B-00C04F79EFBC}") = "Unity.TestTools.CodeCoverage.Editor", "Unity.TestTools.CodeCoverage.Editor.csproj", "{90624677-5896-CEF1-34BC-AD6770A4F265}"
EndProject
Project("{FAE04EC0-301F-11D3-BF4B-00C04F79EFBC}") = "Unity.Burst.CodeGen", "Unity.Burst.CodeGen.csproj", "{3DC55FE5-CFCD-70E7-EAB0-658003F17157}"
EndProject
Project("{FAE04EC0-301F-11D3-BF4B-00C04F79EFBC}") = "Unity.Postprocessing.Runtime", "Unity.Postprocessing.Runtime.csproj", "{FBB686A9-5C35-F16B-AB07-71D73167BC11}"
EndProject
Project("{FAE04EC0-301F-11D3-BF4B-00C04F79EFBC}") = "Unity.Postprocessing.Editor", "Unity.Postprocessing.Editor.csproj", "{A0D4244E-4CAD-A666-BDA8-A37B1C87F217}"
EndProject
Project("{FAE04EC0-301F-11D3-BF4B-00C04F79EFBC}") = "Unity.VisualScripting.State", "Unity.VisualScripting.State.csproj", "{D9EBFB72-5975-0825-D3CD-8D7E30A025A5}"
EndProject
Project("{FAE04EC0-301F-11D3-BF4B-00C04F79EFBC}") = "Unity.Formats.Fbx.Runtime", "Unity.Formats.Fbx.Runtime.csproj", "{34EF092B-63C0-99EA-89BE-D7A58FA8C585}"
EndProject
Project("{FAE04EC0-301F-11D3-BF4B-00C04F79EFBC}") = "Unity.TextMeshPro", "Unity.TextMeshPro.csproj", "{3375ABF2-BCB5-BC3F-D583-0FE77C66C37C}"
EndProject
Project("{FAE04EC0-301F-11D3-BF4B-00C04F79EFBC}") = "Unity.Sequences", "Unity.Sequences.csproj", "{C5AE54C0-1FEC-4E93-4026-F2B8A90E8ED7}"
EndProject
Project("{FAE04EC0-301F-11D3-BF4B-00C04F79EFBC}") = "Unity.Performance.Profile-Analyzer.Editor", "Unity.Performance.Profile-Analyzer.Editor.csproj", "{3B501CEF-067F-B97A-D5BE-2256A865ABE2}"
EndProject
Project("{FAE04EC0-301F-11D3-BF4B-00C04F79EFBC}") = "Unity.Formats.Alembic.Runtime", "Unity.Formats.Alembic.Runtime.csproj", "{61E6D5D5-79B9-77DA-27C0-697BE247612D}"
EndProject
Project("{FAE04EC0-301F-11D3-BF4B-00C04F79EFBC}") = "Unity.2D.Animation.Runtime", "Unity.2D.Animation.Runtime.csproj", "{3282F605-1BA0-A72B-E013-0963239ECC0E}"
EndProject
Project("{FAE04EC0-301F-11D3-BF4B-00C04F79EFBC}") = "Unity.VisualScripting.SettingsProvider.Editor", "Unity.VisualScripting.SettingsProvider.Editor.csproj", "{A5EC846E-BD95-6712-4F58-3A4ED63FFC9E}"
EndProject
Project("{FAE04EC0-301F-11D3-BF4B-00C04F79EFBC}") = "Unity.VSCode.Editor", "Unity.VSCode.Editor.csproj", "{86D4755F-5CEC-9BB4-CFF1-41DB8CAD4A63}"
EndProject
Project("{FAE04EC0-301F-11D3-BF4B-00C04F79EFBC}") = "Unity.2D.IK.Editor", "Unity.2D.IK.Editor.csproj", "{AD538424-7989-48A7-C053-F39F50478625}"
EndProject
Project("{FAE04EC0-301F-11D3-BF4B-00C04F79EFBC}") = "Unity.InternalAPIEngineBridge.001", "Unity.InternalAPIEngineBridge.001.csproj", "{EF5405D5-9413-1136-C16F-4D61FC03E60C}"
EndProject
Project("{FAE04EC0-301F-11D3-BF4B-00C04F79EFBC}") = "Unity.Burst.Editor", "Unity.Burst.Editor.csproj", "{4D3A783A-D5D8-27C8-58DB-ACED6840C5DC}"
EndProject
Project("{FAE04EC0-301F-11D3-BF4B-00C04F79EFBC}") = "Unity.TestTools.CodeCoverage.Editor.OpenCover.Mono.Reflection", "Unity.TestTools.CodeCoverage.Editor.OpenCover.Mono.Reflection.csproj", "{DCEA061E-3CE2-DC5E-A344-D1924CB80B9B}"
EndProject
Project("{FAE04EC0-301F-11D3-BF4B-00C04F79EFBC}") = "Unity.2D.Common.Editor", "Unity.2D.Common.Editor.csproj", "{FD8EE2EF-8EFE-250B-1D53-A5CB7421B24D}"
EndProject
Project("{FAE04EC0-301F-11D3-BF4B-00C04F79EFBC}") = "Unity.Formats.Fbx.Editor", "Unity.Formats.Fbx.Editor.csproj", "{ED1C0873-D7CD-6BAA-8525-BCE7DA570442}"
EndProject
Project("{FAE04EC0-301F-11D3-BF4B-00C04F79EFBC}") = "Unity.Formats.Alembic.Editor", "Unity.Formats.Alembic.Editor.csproj", "{1CBECA80-A24B-8B7F-23D1-0A78A79D18C6}"
EndProject
Project("{FAE04EC0-301F-11D3-BF4B-00C04F79EFBC}") = "Unity.Settings.Editor", "Unity.Settings.Editor.csproj", "{7D619AD0-2EC3-17D6-7A49-94EB6392D914}"
EndProject
Project("{FAE04EC0-301F-11D3-BF4B-00C04F79EFBC}") = "Unity.2D.Common.Runtime", "Unity.2D.Common.Runtime.csproj", "{7AFA5A8C-BFEB-E797-B1AD-DEA8A0CA124A}"
EndProject
Project("{FAE04EC0-301F-11D3-BF4B-00C04F79EFBC}") = "Unity.2D.Sprite.Editor", "Unity.2D.Sprite.Editor.csproj", "{653C9F53-694E-9034-FE26-2ED3B35375E8}"
EndProject
Project("{FAE04EC0-301F-11D3-BF4B-00C04F79EFBC}") = "Unity.Recorder", "Unity.Recorder.csproj", "{FB2AEDCC-50F3-A793-7A0E-921E71D094C2}"
EndProject
Project("{FAE04EC0-301F-11D3-BF4B-00C04F79EFBC}") = "Unity.Mathematics.Editor", "Unity.Mathematics.Editor.csproj", "{546FCC2C-381C-6D8B-E6B6-4B7DAD5BBD36}"
EndProject
Project("{FAE04EC0-301F-11D3-BF4B-00C04F79EFBC}") = "Unity.ShaderGraph.Utilities", "Unity.ShaderGraph.Utilities.csproj", "{C90C9C47-9CDE-1F5D-5BCE-81F946862314}"
EndProject
Project("{FAE04EC0-301F-11D3-BF4B-00C04F79EFBC}") = "Unity.VisualScripting.Shared.Editor", "Unity.VisualScripting.Shared.Editor.csproj", "{2CD0C4DC-9691-6470-4892-0F053FCEE9A0}"
EndProject
Project("{FAE04EC0-301F-11D3-BF4B-00C04F79EFBC}") = "Unity.Recorder.Base", "Unity.Recorder.Base.csproj", "{52C60ABA-F7B0-F028-DE17-4C92F9C4D407}"
EndProject
Project("{FAE04EC0-301F-11D3-BF4B-00C04F79EFBC}") = "Unity.EditorCoroutines.Editor", "Unity.EditorCoroutines.Editor.csproj", "{1C9AF978-C62A-1EAE-5ADE-70846941A314}"
EndProject
Project("{FAE04EC0-301F-11D3-BF4B-00C04F79EFBC}") = "Autodesk.Fbx.Editor", "Autodesk.Fbx.Editor.csproj", "{9BD575AA-6FA5-C271-2BFC-BA4805A83573}"
EndProject
Project("{FAE04EC0-301F-11D3-BF4B-00C04F79EFBC}") = "Unity.Collections.DocCodeSamples", "Unity.Collections.DocCodeSamples.csproj", "{44703BEE-0CED-C3C9-BB5B-04EE12A2B534}"
EndProject
Project("{FAE04EC0-301F-11D3-BF4B-00C04F79EFBC}") = "Unity.Collections.BurstCompatibilityGen", "Unity.Collections.BurstCompatibilityGen.csproj", "{B0F7ADAE-9A81-C7F4-02A8-DB4D1F523133}"
EndProject
Project("{FAE04EC0-301F-11D3-BF4B-00C04F79EFBC}") = "Unity.CollabProxy.Editor", "Unity.CollabProxy.Editor.csproj", "{167C60AB-AB6D-7EED-BEB2-EFA64D7C53B6}"
EndProject
Project("{FAE04EC0-301F-11D3-BF4B-00C04F79EFBC}") = "Unity.RenderPipelines.ShaderGraph.ShaderGraphLibrary", "Unity.RenderPipelines.ShaderGraph.ShaderGraphLibrary.csproj", "{5CCD1B37-A3D9-EDEF-393C-731D45F936AC}"
EndProject
Project("{FAE04EC0-301F-11D3-BF4B-00C04F79EFBC}") = "Unity.RenderPipelines.Core.ShaderLibrary", "Unity.RenderPipelines.Core.ShaderLibrary.csproj", "{FBEFC7E7-DC3A-9401-EB29-9E896F8A49B2}"
EndProject
Project("{FAE04EC0-301F-11D3-BF4B-00C04F79EFBC}") = "FbxBuildTestAssets", "FbxBuildTestAssets.csproj", "{BF56D87E-CACE-CDEE-AFBA-E468B114CDBD}"
EndProject
Global
	GlobalSection(SolutionConfigurationPlatforms) = preSolution
		Debug|Any CPU = Debug|Any CPU
		Release|Any CPU = Release|Any CPU
	EndGlobalSection
	GlobalSection(ProjectConfigurationPlatforms) = postSolution
		{AA71CFAB-420E-E867-0666-4F0F82B56279}.Debug|Any CPU.ActiveCfg = Debug|Any CPU
		{AA71CFAB-420E-E867-0666-4F0F82B56279}.Debug|Any CPU.Build.0 = Debug|Any CPU
		{AA71CFAB-420E-E867-0666-4F0F82B56279}.Release|Any CPU.ActiveCfg = Release|Any CPU
		{AA71CFAB-420E-E867-0666-4F0F82B56279}.Release|Any CPU.Build.0 = Release|Any CPU
		{32C3BDE6-E125-3128-82C1-25D0441455A3}.Debug|Any CPU.ActiveCfg = Debug|Any CPU
		{32C3BDE6-E125-3128-82C1-25D0441455A3}.Debug|Any CPU.Build.0 = Debug|Any CPU
		{32C3BDE6-E125-3128-82C1-25D0441455A3}.Release|Any CPU.ActiveCfg = Release|Any CPU
		{32C3BDE6-E125-3128-82C1-25D0441455A3}.Release|Any CPU.Build.0 = Release|Any CPU
		{A23F0EE6-E50E-74AC-EC3F-BDAD78C7306B}.Debug|Any CPU.ActiveCfg = Debug|Any CPU
		{A23F0EE6-E50E-74AC-EC3F-BDAD78C7306B}.Debug|Any CPU.Build.0 = Debug|Any CPU
		{A23F0EE6-E50E-74AC-EC3F-BDAD78C7306B}.Release|Any CPU.ActiveCfg = Release|Any CPU
		{A23F0EE6-E50E-74AC-EC3F-BDAD78C7306B}.Release|Any CPU.Build.0 = Release|Any CPU
		{A6503458-BC1A-FC3E-DE9F-320CB2945529}.Debug|Any CPU.ActiveCfg = Debug|Any CPU
		{A6503458-BC1A-FC3E-DE9F-320CB2945529}.Debug|Any CPU.Build.0 = Debug|Any CPU
		{A6503458-BC1A-FC3E-DE9F-320CB2945529}.Release|Any CPU.ActiveCfg = Release|Any CPU
		{A6503458-BC1A-FC3E-DE9F-320CB2945529}.Release|Any CPU.Build.0 = Release|Any CPU
		{067C016A-9BDF-7DCE-2E59-C851BCB7CD88}.Debug|Any CPU.ActiveCfg = Debug|Any CPU
		{067C016A-9BDF-7DCE-2E59-C851BCB7CD88}.Debug|Any CPU.Build.0 = Debug|Any CPU
		{067C016A-9BDF-7DCE-2E59-C851BCB7CD88}.Release|Any CPU.ActiveCfg = Release|Any CPU
		{067C016A-9BDF-7DCE-2E59-C851BCB7CD88}.Release|Any CPU.Build.0 = Release|Any CPU
		{9DC54C43-50D1-95EB-BB01-5C3160E083A4}.Debug|Any CPU.ActiveCfg = Debug|Any CPU
		{9DC54C43-50D1-95EB-BB01-5C3160E083A4}.Debug|Any CPU.Build.0 = Debug|Any CPU
		{9DC54C43-50D1-95EB-BB01-5C3160E083A4}.Release|Any CPU.ActiveCfg = Release|Any CPU
		{9DC54C43-50D1-95EB-BB01-5C3160E083A4}.Release|Any CPU.Build.0 = Release|Any CPU
		{D91B6A68-CC51-EEDF-EECD-A582294ED2E9}.Debug|Any CPU.ActiveCfg = Debug|Any CPU
		{D91B6A68-CC51-EEDF-EECD-A582294ED2E9}.Debug|Any CPU.Build.0 = Debug|Any CPU
		{D91B6A68-CC51-EEDF-EECD-A582294ED2E9}.Release|Any CPU.ActiveCfg = Release|Any CPU
		{D91B6A68-CC51-EEDF-EECD-A582294ED2E9}.Release|Any CPU.Build.0 = Release|Any CPU
		{F26FAA5B-A26E-6BF8-07B2-FF7D37E8C3C2}.Debug|Any CPU.ActiveCfg = Debug|Any CPU
		{F26FAA5B-A26E-6BF8-07B2-FF7D37E8C3C2}.Debug|Any CPU.Build.0 = Debug|Any CPU
		{F26FAA5B-A26E-6BF8-07B2-FF7D37E8C3C2}.Release|Any CPU.ActiveCfg = Release|Any CPU
		{F26FAA5B-A26E-6BF8-07B2-FF7D37E8C3C2}.Release|Any CPU.Build.0 = Release|Any CPU
		{F3E1D955-3AEC-9B08-AE6D-867DCA9DF752}.Debug|Any CPU.ActiveCfg = Debug|Any CPU
		{F3E1D955-3AEC-9B08-AE6D-867DCA9DF752}.Debug|Any CPU.Build.0 = Debug|Any CPU
		{F3E1D955-3AEC-9B08-AE6D-867DCA9DF752}.Release|Any CPU.ActiveCfg = Release|Any CPU
		{F3E1D955-3AEC-9B08-AE6D-867DCA9DF752}.Release|Any CPU.Build.0 = Release|Any CPU
		{E1A39F0F-4A30-415D-6E5B-260A641C1597}.Debug|Any CPU.ActiveCfg = Debug|Any CPU
		{E1A39F0F-4A30-415D-6E5B-260A641C1597}.Debug|Any CPU.Build.0 = Debug|Any CPU
		{E1A39F0F-4A30-415D-6E5B-260A641C1597}.Release|Any CPU.ActiveCfg = Release|Any CPU
		{E1A39F0F-4A30-415D-6E5B-260A641C1597}.Release|Any CPU.Build.0 = Release|Any CPU
		{6339EF8B-5A9D-FBC7-8A98-AD1782291160}.Debug|Any CPU.ActiveCfg = Debug|Any CPU
		{6339EF8B-5A9D-FBC7-8A98-AD1782291160}.Debug|Any CPU.Build.0 = Debug|Any CPU
		{6339EF8B-5A9D-FBC7-8A98-AD1782291160}.Release|Any CPU.ActiveCfg = Release|Any CPU
		{6339EF8B-5A9D-FBC7-8A98-AD1782291160}.Release|Any CPU.Build.0 = Release|Any CPU
		{C141DEC4-FAC5-5F00-EDDA-03EA9C7E32B8}.Debug|Any CPU.ActiveCfg = Debug|Any CPU
		{C141DEC4-FAC5-5F00-EDDA-03EA9C7E32B8}.Debug|Any CPU.Build.0 = Debug|Any CPU
		{C141DEC4-FAC5-5F00-EDDA-03EA9C7E32B8}.Release|Any CPU.ActiveCfg = Release|Any CPU
		{C141DEC4-FAC5-5F00-EDDA-03EA9C7E32B8}.Release|Any CPU.Build.0 = Release|Any CPU
		{CFFA2412-CEE9-25F5-3A2B-B0C3D2F7DC7F}.Debug|Any CPU.ActiveCfg = Debug|Any CPU
		{CFFA2412-CEE9-25F5-3A2B-B0C3D2F7DC7F}.Debug|Any CPU.Build.0 = Debug|Any CPU
		{CFFA2412-CEE9-25F5-3A2B-B0C3D2F7DC7F}.Release|Any CPU.ActiveCfg = Release|Any CPU
		{CFFA2412-CEE9-25F5-3A2B-B0C3D2F7DC7F}.Release|Any CPU.Build.0 = Release|Any CPU
		{7530BDAF-2C0E-03CA-DC69-6ABF484ED2B2}.Debug|Any CPU.ActiveCfg = Debug|Any CPU
		{7530BDAF-2C0E-03CA-DC69-6ABF484ED2B2}.Debug|Any CPU.Build.0 = Debug|Any CPU
		{7530BDAF-2C0E-03CA-DC69-6ABF484ED2B2}.Release|Any CPU.ActiveCfg = Release|Any CPU
		{7530BDAF-2C0E-03CA-DC69-6ABF484ED2B2}.Release|Any CPU.Build.0 = Release|Any CPU
		{A3047590-38BB-CCB1-C01D-C771027F8920}.Debug|Any CPU.ActiveCfg = Debug|Any CPU
		{A3047590-38BB-CCB1-C01D-C771027F8920}.Debug|Any CPU.Build.0 = Debug|Any CPU
		{A3047590-38BB-CCB1-C01D-C771027F8920}.Release|Any CPU.ActiveCfg = Release|Any CPU
		{A3047590-38BB-CCB1-C01D-C771027F8920}.Release|Any CPU.Build.0 = Release|Any CPU
		{AB010756-D918-EA42-906F-0FD15891EDA7}.Debug|Any CPU.ActiveCfg = Debug|Any CPU
		{AB010756-D918-EA42-906F-0FD15891EDA7}.Debug|Any CPU.Build.0 = Debug|Any CPU
		{AB010756-D918-EA42-906F-0FD15891EDA7}.Release|Any CPU.ActiveCfg = Release|Any CPU
		{AB010756-D918-EA42-906F-0FD15891EDA7}.Release|Any CPU.Build.0 = Release|Any CPU
		{D1490878-FF1E-0C4A-13CB-7D8AA36CE734}.Debug|Any CPU.ActiveCfg = Debug|Any CPU
		{D1490878-FF1E-0C4A-13CB-7D8AA36CE734}.Debug|Any CPU.Build.0 = Debug|Any CPU
		{D1490878-FF1E-0C4A-13CB-7D8AA36CE734}.Release|Any CPU.ActiveCfg = Release|Any CPU
		{D1490878-FF1E-0C4A-13CB-7D8AA36CE734}.Release|Any CPU.Build.0 = Release|Any CPU
		{01B1BFF9-F8EB-01DA-B770-0788E04F46BD}.Debug|Any CPU.ActiveCfg = Debug|Any CPU
		{01B1BFF9-F8EB-01DA-B770-0788E04F46BD}.Debug|Any CPU.Build.0 = Debug|Any CPU
		{01B1BFF9-F8EB-01DA-B770-0788E04F46BD}.Release|Any CPU.ActiveCfg = Release|Any CPU
		{01B1BFF9-F8EB-01DA-B770-0788E04F46BD}.Release|Any CPU.Build.0 = Release|Any CPU
		{F718E335-6AAA-C941-FFD7-657246BEB012}.Debug|Any CPU.ActiveCfg = Debug|Any CPU
		{F718E335-6AAA-C941-FFD7-657246BEB012}.Debug|Any CPU.Build.0 = Debug|Any CPU
		{F718E335-6AAA-C941-FFD7-657246BEB012}.Release|Any CPU.ActiveCfg = Release|Any CPU
		{F718E335-6AAA-C941-FFD7-657246BEB012}.Release|Any CPU.Build.0 = Release|Any CPU
		{DE63C7FA-80B8-DB7F-E94C-BA0E451813F2}.Debug|Any CPU.ActiveCfg = Debug|Any CPU
		{DE63C7FA-80B8-DB7F-E94C-BA0E451813F2}.Debug|Any CPU.Build.0 = Debug|Any CPU
		{DE63C7FA-80B8-DB7F-E94C-BA0E451813F2}.Release|Any CPU.ActiveCfg = Release|Any CPU
		{DE63C7FA-80B8-DB7F-E94C-BA0E451813F2}.Release|Any CPU.Build.0 = Release|Any CPU
		{88BAF3DA-47EF-FDAB-CE1B-1C180F9A7FE2}.Debug|Any CPU.ActiveCfg = Debug|Any CPU
		{88BAF3DA-47EF-FDAB-CE1B-1C180F9A7FE2}.Debug|Any CPU.Build.0 = Debug|Any CPU
		{88BAF3DA-47EF-FDAB-CE1B-1C180F9A7FE2}.Release|Any CPU.ActiveCfg = Release|Any CPU
		{88BAF3DA-47EF-FDAB-CE1B-1C180F9A7FE2}.Release|Any CPU.Build.0 = Release|Any CPU
		{768BBF1D-EC13-B258-0C08-0F6608410401}.Debug|Any CPU.ActiveCfg = Debug|Any CPU
		{768BBF1D-EC13-B258-0C08-0F6608410401}.Debug|Any CPU.Build.0 = Debug|Any CPU
		{768BBF1D-EC13-B258-0C08-0F6608410401}.Release|Any CPU.ActiveCfg = Release|Any CPU
		{768BBF1D-EC13-B258-0C08-0F6608410401}.Release|Any CPU.Build.0 = Release|Any CPU
		{D863A395-0E89-9D32-C880-E60E717F20E8}.Debug|Any CPU.ActiveCfg = Debug|Any CPU
		{D863A395-0E89-9D32-C880-E60E717F20E8}.Debug|Any CPU.Build.0 = Debug|Any CPU
		{D863A395-0E89-9D32-C880-E60E717F20E8}.Release|Any CPU.ActiveCfg = Release|Any CPU
		{D863A395-0E89-9D32-C880-E60E717F20E8}.Release|Any CPU.Build.0 = Release|Any CPU
		{B7BC0C94-DE89-FA99-96BB-1EA80F988FA5}.Debug|Any CPU.ActiveCfg = Debug|Any CPU
		{B7BC0C94-DE89-FA99-96BB-1EA80F988FA5}.Debug|Any CPU.Build.0 = Debug|Any CPU
		{B7BC0C94-DE89-FA99-96BB-1EA80F988FA5}.Release|Any CPU.ActiveCfg = Release|Any CPU
		{B7BC0C94-DE89-FA99-96BB-1EA80F988FA5}.Release|Any CPU.Build.0 = Release|Any CPU
		{9E44B14B-2459-0578-8F25-B879A3343454}.Debug|Any CPU.ActiveCfg = Debug|Any CPU
		{9E44B14B-2459-0578-8F25-B879A3343454}.Debug|Any CPU.Build.0 = Debug|Any CPU
		{9E44B14B-2459-0578-8F25-B879A3343454}.Release|Any CPU.ActiveCfg = Release|Any CPU
		{9E44B14B-2459-0578-8F25-B879A3343454}.Release|Any CPU.Build.0 = Release|Any CPU
		{9E26B539-EAC4-B7BE-036E-84FC9060F1DF}.Debug|Any CPU.ActiveCfg = Debug|Any CPU
		{9E26B539-EAC4-B7BE-036E-84FC9060F1DF}.Debug|Any CPU.Build.0 = Debug|Any CPU
		{9E26B539-EAC4-B7BE-036E-84FC9060F1DF}.Release|Any CPU.ActiveCfg = Release|Any CPU
		{9E26B539-EAC4-B7BE-036E-84FC9060F1DF}.Release|Any CPU.Build.0 = Release|Any CPU
		{A5250F35-1318-2544-DD4C-5C2FC4147C97}.Debug|Any CPU.ActiveCfg = Debug|Any CPU
		{A5250F35-1318-2544-DD4C-5C2FC4147C97}.Debug|Any CPU.Build.0 = Debug|Any CPU
		{A5250F35-1318-2544-DD4C-5C2FC4147C97}.Release|Any CPU.ActiveCfg = Release|Any CPU
		{A5250F35-1318-2544-DD4C-5C2FC4147C97}.Release|Any CPU.Build.0 = Release|Any CPU
		{82AD70A2-8CFB-21C5-E084-5E716F4181A8}.Debug|Any CPU.ActiveCfg = Debug|Any CPU
		{82AD70A2-8CFB-21C5-E084-5E716F4181A8}.Debug|Any CPU.Build.0 = Debug|Any CPU
		{82AD70A2-8CFB-21C5-E084-5E716F4181A8}.Release|Any CPU.ActiveCfg = Release|Any CPU
		{82AD70A2-8CFB-21C5-E084-5E716F4181A8}.Release|Any CPU.Build.0 = Release|Any CPU
		{9B168589-3356-01B5-B9F7-335C1615CD9E}.Debug|Any CPU.ActiveCfg = Debug|Any CPU
		{9B168589-3356-01B5-B9F7-335C1615CD9E}.Debug|Any CPU.Build.0 = Debug|Any CPU
		{9B168589-3356-01B5-B9F7-335C1615CD9E}.Release|Any CPU.ActiveCfg = Release|Any CPU
		{9B168589-3356-01B5-B9F7-335C1615CD9E}.Release|Any CPU.Build.0 = Release|Any CPU
		{E76867A5-461E-B2D2-7868-D3C985CA37E3}.Debug|Any CPU.ActiveCfg = Debug|Any CPU
		{E76867A5-461E-B2D2-7868-D3C985CA37E3}.Debug|Any CPU.Build.0 = Debug|Any CPU
		{E76867A5-461E-B2D2-7868-D3C985CA37E3}.Release|Any CPU.ActiveCfg = Release|Any CPU
		{E76867A5-461E-B2D2-7868-D3C985CA37E3}.Release|Any CPU.Build.0 = Release|Any CPU
		{B8C7ABE1-DFF3-7E78-6DA7-9DF123FE4EC8}.Debug|Any CPU.ActiveCfg = Debug|Any CPU
		{B8C7ABE1-DFF3-7E78-6DA7-9DF123FE4EC8}.Debug|Any CPU.Build.0 = Debug|Any CPU
		{B8C7ABE1-DFF3-7E78-6DA7-9DF123FE4EC8}.Release|Any CPU.ActiveCfg = Release|Any CPU
		{B8C7ABE1-DFF3-7E78-6DA7-9DF123FE4EC8}.Release|Any CPU.Build.0 = Release|Any CPU
		{2A42A239-2F66-AD04-0E50-84DCF0A40EC2}.Debug|Any CPU.ActiveCfg = Debug|Any CPU
		{2A42A239-2F66-AD04-0E50-84DCF0A40EC2}.Debug|Any CPU.Build.0 = Debug|Any CPU
		{2A42A239-2F66-AD04-0E50-84DCF0A40EC2}.Release|Any CPU.ActiveCfg = Release|Any CPU
		{2A42A239-2F66-AD04-0E50-84DCF0A40EC2}.Release|Any CPU.Build.0 = Release|Any CPU
		{03AC2CA7-AF01-FE34-84B6-7CE92CF47147}.Debug|Any CPU.ActiveCfg = Debug|Any CPU
		{03AC2CA7-AF01-FE34-84B6-7CE92CF47147}.Debug|Any CPU.Build.0 = Debug|Any CPU
		{03AC2CA7-AF01-FE34-84B6-7CE92CF47147}.Release|Any CPU.ActiveCfg = Release|Any CPU
		{03AC2CA7-AF01-FE34-84B6-7CE92CF47147}.Release|Any CPU.Build.0 = Release|Any CPU
		{90624677-5896-CEF1-34BC-AD6770A4F265}.Debug|Any CPU.ActiveCfg = Debug|Any CPU
		{90624677-5896-CEF1-34BC-AD6770A4F265}.Debug|Any CPU.Build.0 = Debug|Any CPU
		{90624677-5896-CEF1-34BC-AD6770A4F265}.Release|Any CPU.ActiveCfg = Release|Any CPU
		{90624677-5896-CEF1-34BC-AD6770A4F265}.Release|Any CPU.Build.0 = Release|Any CPU
		{3DC55FE5-CFCD-70E7-EAB0-658003F17157}.Debug|Any CPU.ActiveCfg = Debug|Any CPU
		{3DC55FE5-CFCD-70E7-EAB0-658003F17157}.Debug|Any CPU.Build.0 = Debug|Any CPU
		{3DC55FE5-CFCD-70E7-EAB0-658003F17157}.Release|Any CPU.ActiveCfg = Release|Any CPU
		{3DC55FE5-CFCD-70E7-EAB0-658003F17157}.Release|Any CPU.Build.0 = Release|Any CPU
		{FBB686A9-5C35-F16B-AB07-71D73167BC11}.Debug|Any CPU.ActiveCfg = Debug|Any CPU
		{FBB686A9-5C35-F16B-AB07-71D73167BC11}.Debug|Any CPU.Build.0 = Debug|Any CPU
		{FBB686A9-5C35-F16B-AB07-71D73167BC11}.Release|Any CPU.ActiveCfg = Release|Any CPU
		{FBB686A9-5C35-F16B-AB07-71D73167BC11}.Release|Any CPU.Build.0 = Release|Any CPU
		{A0D4244E-4CAD-A666-BDA8-A37B1C87F217}.Debug|Any CPU.ActiveCfg = Debug|Any CPU
		{A0D4244E-4CAD-A666-BDA8-A37B1C87F217}.Debug|Any CPU.Build.0 = Debug|Any CPU
		{A0D4244E-4CAD-A666-BDA8-A37B1C87F217}.Release|Any CPU.ActiveCfg = Release|Any CPU
		{A0D4244E-4CAD-A666-BDA8-A37B1C87F217}.Release|Any CPU.Build.0 = Release|Any CPU
		{D9EBFB72-5975-0825-D3CD-8D7E30A025A5}.Debug|Any CPU.ActiveCfg = Debug|Any CPU
		{D9EBFB72-5975-0825-D3CD-8D7E30A025A5}.Debug|Any CPU.Build.0 = Debug|Any CPU
		{D9EBFB72-5975-0825-D3CD-8D7E30A025A5}.Release|Any CPU.ActiveCfg = Release|Any CPU
		{D9EBFB72-5975-0825-D3CD-8D7E30A025A5}.Release|Any CPU.Build.0 = Release|Any CPU
		{34EF092B-63C0-99EA-89BE-D7A58FA8C585}.Debug|Any CPU.ActiveCfg = Debug|Any CPU
		{34EF092B-63C0-99EA-89BE-D7A58FA8C585}.Debug|Any CPU.Build.0 = Debug|Any CPU
		{34EF092B-63C0-99EA-89BE-D7A58FA8C585}.Release|Any CPU.ActiveCfg = Release|Any CPU
		{34EF092B-63C0-99EA-89BE-D7A58FA8C585}.Release|Any CPU.Build.0 = Release|Any CPU
		{3375ABF2-BCB5-BC3F-D583-0FE77C66C37C}.Debug|Any CPU.ActiveCfg = Debug|Any CPU
		{3375ABF2-BCB5-BC3F-D583-0FE77C66C37C}.Debug|Any CPU.Build.0 = Debug|Any CPU
		{3375ABF2-BCB5-BC3F-D583-0FE77C66C37C}.Release|Any CPU.ActiveCfg = Release|Any CPU
		{3375ABF2-BCB5-BC3F-D583-0FE77C66C37C}.Release|Any CPU.Build.0 = Release|Any CPU
		{C5AE54C0-1FEC-4E93-4026-F2B8A90E8ED7}.Debug|Any CPU.ActiveCfg = Debug|Any CPU
		{C5AE54C0-1FEC-4E93-4026-F2B8A90E8ED7}.Debug|Any CPU.Build.0 = Debug|Any CPU
		{C5AE54C0-1FEC-4E93-4026-F2B8A90E8ED7}.Release|Any CPU.ActiveCfg = Release|Any CPU
		{C5AE54C0-1FEC-4E93-4026-F2B8A90E8ED7}.Release|Any CPU.Build.0 = Release|Any CPU
		{3B501CEF-067F-B97A-D5BE-2256A865ABE2}.Debug|Any CPU.ActiveCfg = Debug|Any CPU
		{3B501CEF-067F-B97A-D5BE-2256A865ABE2}.Debug|Any CPU.Build.0 = Debug|Any CPU
		{3B501CEF-067F-B97A-D5BE-2256A865ABE2}.Release|Any CPU.ActiveCfg = Release|Any CPU
		{3B501CEF-067F-B97A-D5BE-2256A865ABE2}.Release|Any CPU.Build.0 = Release|Any CPU
		{61E6D5D5-79B9-77DA-27C0-697BE247612D}.Debug|Any CPU.ActiveCfg = Debug|Any CPU
		{61E6D5D5-79B9-77DA-27C0-697BE247612D}.Debug|Any CPU.Build.0 = Debug|Any CPU
		{61E6D5D5-79B9-77DA-27C0-697BE247612D}.Release|Any CPU.ActiveCfg = Release|Any CPU
		{61E6D5D5-79B9-77DA-27C0-697BE247612D}.Release|Any CPU.Build.0 = Release|Any CPU
		{3282F605-1BA0-A72B-E013-0963239ECC0E}.Debug|Any CPU.ActiveCfg = Debug|Any CPU
		{3282F605-1BA0-A72B-E013-0963239ECC0E}.Debug|Any CPU.Build.0 = Debug|Any CPU
		{3282F605-1BA0-A72B-E013-0963239ECC0E}.Release|Any CPU.ActiveCfg = Release|Any CPU
		{3282F605-1BA0-A72B-E013-0963239ECC0E}.Release|Any CPU.Build.0 = Release|Any CPU
		{A5EC846E-BD95-6712-4F58-3A4ED63FFC9E}.Debug|Any CPU.ActiveCfg = Debug|Any CPU
		{A5EC846E-BD95-6712-4F58-3A4ED63FFC9E}.Debug|Any CPU.Build.0 = Debug|Any CPU
		{A5EC846E-BD95-6712-4F58-3A4ED63FFC9E}.Release|Any CPU.ActiveCfg = Release|Any CPU
		{A5EC846E-BD95-6712-4F58-3A4ED63FFC9E}.Release|Any CPU.Build.0 = Release|Any CPU
		{86D4755F-5CEC-9BB4-CFF1-41DB8CAD4A63}.Debug|Any CPU.ActiveCfg = Debug|Any CPU
		{86D4755F-5CEC-9BB4-CFF1-41DB8CAD4A63}.Debug|Any CPU.Build.0 = Debug|Any CPU
		{86D4755F-5CEC-9BB4-CFF1-41DB8CAD4A63}.Release|Any CPU.ActiveCfg = Release|Any CPU
		{86D4755F-5CEC-9BB4-CFF1-41DB8CAD4A63}.Release|Any CPU.Build.0 = Release|Any CPU
		{AD538424-7989-48A7-C053-F39F50478625}.Debug|Any CPU.ActiveCfg = Debug|Any CPU
		{AD538424-7989-48A7-C053-F39F50478625}.Debug|Any CPU.Build.0 = Debug|Any CPU
		{AD538424-7989-48A7-C053-F39F50478625}.Release|Any CPU.ActiveCfg = Release|Any CPU
		{AD538424-7989-48A7-C053-F39F50478625}.Release|Any CPU.Build.0 = Release|Any CPU
		{EF5405D5-9413-1136-C16F-4D61FC03E60C}.Debug|Any CPU.ActiveCfg = Debug|Any CPU
		{EF5405D5-9413-1136-C16F-4D61FC03E60C}.Debug|Any CPU.Build.0 = Debug|Any CPU
		{EF5405D5-9413-1136-C16F-4D61FC03E60C}.Release|Any CPU.ActiveCfg = Release|Any CPU
		{EF5405D5-9413-1136-C16F-4D61FC03E60C}.Release|Any CPU.Build.0 = Release|Any CPU
		{4D3A783A-D5D8-27C8-58DB-ACED6840C5DC}.Debug|Any CPU.ActiveCfg = Debug|Any CPU
		{4D3A783A-D5D8-27C8-58DB-ACED6840C5DC}.Debug|Any CPU.Build.0 = Debug|Any CPU
		{4D3A783A-D5D8-27C8-58DB-ACED6840C5DC}.Release|Any CPU.ActiveCfg = Release|Any CPU
		{4D3A783A-D5D8-27C8-58DB-ACED6840C5DC}.Release|Any CPU.Build.0 = Release|Any CPU
		{DCEA061E-3CE2-DC5E-A344-D1924CB80B9B}.Debug|Any CPU.ActiveCfg = Debug|Any CPU
		{DCEA061E-3CE2-DC5E-A344-D1924CB80B9B}.Debug|Any CPU.Build.0 = Debug|Any CPU
		{DCEA061E-3CE2-DC5E-A344-D1924CB80B9B}.Release|Any CPU.ActiveCfg = Release|Any CPU
		{DCEA061E-3CE2-DC5E-A344-D1924CB80B9B}.Release|Any CPU.Build.0 = Release|Any CPU
		{FD8EE2EF-8EFE-250B-1D53-A5CB7421B24D}.Debug|Any CPU.ActiveCfg = Debug|Any CPU
		{FD8EE2EF-8EFE-250B-1D53-A5CB7421B24D}.Debug|Any CPU.Build.0 = Debug|Any CPU
		{FD8EE2EF-8EFE-250B-1D53-A5CB7421B24D}.Release|Any CPU.ActiveCfg = Release|Any CPU
		{FD8EE2EF-8EFE-250B-1D53-A5CB7421B24D}.Release|Any CPU.Build.0 = Release|Any CPU
		{ED1C0873-D7CD-6BAA-8525-BCE7DA570442}.Debug|Any CPU.ActiveCfg = Debug|Any CPU
		{ED1C0873-D7CD-6BAA-8525-BCE7DA570442}.Debug|Any CPU.Build.0 = Debug|Any CPU
		{ED1C0873-D7CD-6BAA-8525-BCE7DA570442}.Release|Any CPU.ActiveCfg = Release|Any CPU
		{ED1C0873-D7CD-6BAA-8525-BCE7DA570442}.Release|Any CPU.Build.0 = Release|Any CPU
		{1CBECA80-A24B-8B7F-23D1-0A78A79D18C6}.Debug|Any CPU.ActiveCfg = Debug|Any CPU
		{1CBECA80-A24B-8B7F-23D1-0A78A79D18C6}.Debug|Any CPU.Build.0 = Debug|Any CPU
		{1CBECA80-A24B-8B7F-23D1-0A78A79D18C6}.Release|Any CPU.ActiveCfg = Release|Any CPU
		{1CBECA80-A24B-8B7F-23D1-0A78A79D18C6}.Release|Any CPU.Build.0 = Release|Any CPU
		{7D619AD0-2EC3-17D6-7A49-94EB6392D914}.Debug|Any CPU.ActiveCfg = Debug|Any CPU
		{7D619AD0-2EC3-17D6-7A49-94EB6392D914}.Debug|Any CPU.Build.0 = Debug|Any CPU
		{7D619AD0-2EC3-17D6-7A49-94EB6392D914}.Release|Any CPU.ActiveCfg = Release|Any CPU
		{7D619AD0-2EC3-17D6-7A49-94EB6392D914}.Release|Any CPU.Build.0 = Release|Any CPU
		{7AFA5A8C-BFEB-E797-B1AD-DEA8A0CA124A}.Debug|Any CPU.ActiveCfg = Debug|Any CPU
		{7AFA5A8C-BFEB-E797-B1AD-DEA8A0CA124A}.Debug|Any CPU.Build.0 = Debug|Any CPU
		{7AFA5A8C-BFEB-E797-B1AD-DEA8A0CA124A}.Release|Any CPU.ActiveCfg = Release|Any CPU
		{7AFA5A8C-BFEB-E797-B1AD-DEA8A0CA124A}.Release|Any CPU.Build.0 = Release|Any CPU
		{653C9F53-694E-9034-FE26-2ED3B35375E8}.Debug|Any CPU.ActiveCfg = Debug|Any CPU
		{653C9F53-694E-9034-FE26-2ED3B35375E8}.Debug|Any CPU.Build.0 = Debug|Any CPU
		{653C9F53-694E-9034-FE26-2ED3B35375E8}.Release|Any CPU.ActiveCfg = Release|Any CPU
		{653C9F53-694E-9034-FE26-2ED3B35375E8}.Release|Any CPU.Build.0 = Release|Any CPU
		{FB2AEDCC-50F3-A793-7A0E-921E71D094C2}.Debug|Any CPU.ActiveCfg = Debug|Any CPU
		{FB2AEDCC-50F3-A793-7A0E-921E71D094C2}.Debug|Any CPU.Build.0 = Debug|Any CPU
		{FB2AEDCC-50F3-A793-7A0E-921E71D094C2}.Release|Any CPU.ActiveCfg = Release|Any CPU
		{FB2AEDCC-50F3-A793-7A0E-921E71D094C2}.Release|Any CPU.Build.0 = Release|Any CPU
		{546FCC2C-381C-6D8B-E6B6-4B7DAD5BBD36}.Debug|Any CPU.ActiveCfg = Debug|Any CPU
		{546FCC2C-381C-6D8B-E6B6-4B7DAD5BBD36}.Debug|Any CPU.Build.0 = Debug|Any CPU
		{546FCC2C-381C-6D8B-E6B6-4B7DAD5BBD36}.Release|Any CPU.ActiveCfg = Release|Any CPU
		{546FCC2C-381C-6D8B-E6B6-4B7DAD5BBD36}.Release|Any CPU.Build.0 = Release|Any CPU
		{C90C9C47-9CDE-1F5D-5BCE-81F946862314}.Debug|Any CPU.ActiveCfg = Debug|Any CPU
		{C90C9C47-9CDE-1F5D-5BCE-81F946862314}.Debug|Any CPU.Build.0 = Debug|Any CPU
		{C90C9C47-9CDE-1F5D-5BCE-81F946862314}.Release|Any CPU.ActiveCfg = Release|Any CPU
		{C90C9C47-9CDE-1F5D-5BCE-81F946862314}.Release|Any CPU.Build.0 = Release|Any CPU
		{2CD0C4DC-9691-6470-4892-0F053FCEE9A0}.Debug|Any CPU.ActiveCfg = Debug|Any CPU
		{2CD0C4DC-9691-6470-4892-0F053FCEE9A0}.Debug|Any CPU.Build.0 = Debug|Any CPU
		{2CD0C4DC-9691-6470-4892-0F053FCEE9A0}.Release|Any CPU.ActiveCfg = Release|Any CPU
		{2CD0C4DC-9691-6470-4892-0F053FCEE9A0}.Release|Any CPU.Build.0 = Release|Any CPU
		{52C60ABA-F7B0-F028-DE17-4C92F9C4D407}.Debug|Any CPU.ActiveCfg = Debug|Any CPU
		{52C60ABA-F7B0-F028-DE17-4C92F9C4D407}.Debug|Any CPU.Build.0 = Debug|Any CPU
		{52C60ABA-F7B0-F028-DE17-4C92F9C4D407}.Release|Any CPU.ActiveCfg = Release|Any CPU
		{52C60ABA-F7B0-F028-DE17-4C92F9C4D407}.Release|Any CPU.Build.0 = Release|Any CPU
		{1C9AF978-C62A-1EAE-5ADE-70846941A314}.Debug|Any CPU.ActiveCfg = Debug|Any CPU
		{1C9AF978-C62A-1EAE-5ADE-70846941A314}.Debug|Any CPU.Build.0 = Debug|Any CPU
		{1C9AF978-C62A-1EAE-5ADE-70846941A314}.Release|Any CPU.ActiveCfg = Release|Any CPU
		{1C9AF978-C62A-1EAE-5ADE-70846941A314}.Release|Any CPU.Build.0 = Release|Any CPU
		{9BD575AA-6FA5-C271-2BFC-BA4805A83573}.Debug|Any CPU.ActiveCfg = Debug|Any CPU
		{9BD575AA-6FA5-C271-2BFC-BA4805A83573}.Debug|Any CPU.Build.0 = Debug|Any CPU
		{9BD575AA-6FA5-C271-2BFC-BA4805A83573}.Release|Any CPU.ActiveCfg = Release|Any CPU
		{9BD575AA-6FA5-C271-2BFC-BA4805A83573}.Release|Any CPU.Build.0 = Release|Any CPU
		{44703BEE-0CED-C3C9-BB5B-04EE12A2B534}.Debug|Any CPU.ActiveCfg = Debug|Any CPU
		{44703BEE-0CED-C3C9-BB5B-04EE12A2B534}.Debug|Any CPU.Build.0 = Debug|Any CPU
		{44703BEE-0CED-C3C9-BB5B-04EE12A2B534}.Release|Any CPU.ActiveCfg = Release|Any CPU
		{44703BEE-0CED-C3C9-BB5B-04EE12A2B534}.Release|Any CPU.Build.0 = Release|Any CPU
		{B0F7ADAE-9A81-C7F4-02A8-DB4D1F523133}.Debug|Any CPU.ActiveCfg = Debug|Any CPU
		{B0F7ADAE-9A81-C7F4-02A8-DB4D1F523133}.Debug|Any CPU.Build.0 = Debug|Any CPU
		{B0F7ADAE-9A81-C7F4-02A8-DB4D1F523133}.Release|Any CPU.ActiveCfg = Release|Any CPU
		{B0F7ADAE-9A81-C7F4-02A8-DB4D1F523133}.Release|Any CPU.Build.0 = Release|Any CPU
		{167C60AB-AB6D-7EED-BEB2-EFA64D7C53B6}.Debug|Any CPU.ActiveCfg = Debug|Any CPU
		{167C60AB-AB6D-7EED-BEB2-EFA64D7C53B6}.Debug|Any CPU.Build.0 = Debug|Any CPU
		{167C60AB-AB6D-7EED-BEB2-EFA64D7C53B6}.Release|Any CPU.ActiveCfg = Release|Any CPU
		{167C60AB-AB6D-7EED-BEB2-EFA64D7C53B6}.Release|Any CPU.Build.0 = Release|Any CPU
		{5CCD1B37-A3D9-EDEF-393C-731D45F936AC}.Debug|Any CPU.ActiveCfg = Debug|Any CPU
		{5CCD1B37-A3D9-EDEF-393C-731D45F936AC}.Debug|Any CPU.Build.0 = Debug|Any CPU
		{5CCD1B37-A3D9-EDEF-393C-731D45F936AC}.Release|Any CPU.ActiveCfg = Release|Any CPU
		{5CCD1B37-A3D9-EDEF-393C-731D45F936AC}.Release|Any CPU.Build.0 = Release|Any CPU
		{FBEFC7E7-DC3A-9401-EB29-9E896F8A49B2}.Debug|Any CPU.ActiveCfg = Debug|Any CPU
		{FBEFC7E7-DC3A-9401-EB29-9E896F8A49B2}.Debug|Any CPU.Build.0 = Debug|Any CPU
		{FBEFC7E7-DC3A-9401-EB29-9E896F8A49B2}.Release|Any CPU.ActiveCfg = Release|Any CPU
		{FBEFC7E7-DC3A-9401-EB29-9E896F8A49B2}.Release|Any CPU.Build.0 = Release|Any CPU
		{BF56D87E-CACE-CDEE-AFBA-E468B114CDBD}.Debug|Any CPU.ActiveCfg = Debug|Any CPU
		{BF56D87E-CACE-CDEE-AFBA-E468B114CDBD}.Debug|Any CPU.Build.0 = Debug|Any CPU
		{BF56D87E-CACE-CDEE-AFBA-E468B114CDBD}.Release|Any CPU.ActiveCfg = Release|Any CPU
		{BF56D87E-CACE-CDEE-AFBA-E468B114CDBD}.Release|Any CPU.Build.0 = Release|Any CPU
	EndGlobalSection
	GlobalSection(SolutionProperties) = preSolution
		HideSolutionNode = FALSE
	EndGlobalSection
EndGlobal
